{
  "version": 4,
  "terraform_version": "1.3.7",
  "serial": 9,
  "lineage": "acc94e1b-9141-f08b-7f95-4a68bcabb79e",
  "outputs": {
    "function_app_default_hostname": {
      "value": "feedme-function-app-dev.azurewebsites.net",
      "type": "string"
    },
    "function_app_name": {
      "value": "feedme-function-app-dev",
      "type": "string"
    }
  },
  "resources": [
    {
      "mode": "managed",
      "type": "azurerm_application_insights",
      "name": "feedme_dev",
      "provider": "provider[\"registry.terraform.io/hashicorp/azurerm\"]",
      "instances": [
        {
          "schema_version": 1,
          "attributes": {
            "app_id": "6501306d-c606-48f0-8451-8b18b580b26b",
            "application_type": "java",
            "connection_string": "InstrumentationKey=6a423305-ef3a-4f4b-9b2f-9e37a1d9be1e;IngestionEndpoint=https://uksouth-0.in.applicationinsights.azure.com/;LiveEndpoint=https://uksouth.livediagnostics.monitor.azure.com/",
            "daily_data_cap_in_gb": 100,
            "daily_data_cap_notifications_disabled": false,
            "disable_ip_masking": false,
            "force_customer_storage_for_profiler": false,
            "id": "/subscriptions/8dd32ae3-f5ae-4507-baad-5317dd0f6499/resourceGroups/feedme-dev/providers/Microsoft.Insights/components/feedme-application-insights-dev",
            "instrumentation_key": "6a423305-ef3a-4f4b-9b2f-9e37a1d9be1e",
            "internet_ingestion_enabled": true,
            "internet_query_enabled": true,
            "local_authentication_disabled": false,
            "location": "uksouth",
            "name": "feedme-application-insights-dev",
            "resource_group_name": "feedme-dev",
            "retention_in_days": 90,
            "sampling_percentage": 100,
            "tags": {
              "environment": "dev"
            },
            "timeouts": null,
            "workspace_id": ""
          },
          "sensitive_attributes": [],
          "private": "eyJlMmJmYjczMC1lY2FhLTExZTYtOGY4OC0zNDM2M2JjN2M0YzAiOnsiY3JlYXRlIjozNjAwMDAwMDAwMDAwLCJkZWxldGUiOjE4MDAwMDAwMDAwMDAsInJlYWQiOjMwMDAwMDAwMDAwMCwidXBkYXRlIjoxODAwMDAwMDAwMDAwfSwic2NoZW1hX3ZlcnNpb24iOiIxIn0=",
          "dependencies": [
            "azurerm_resource_group.feedme_dev"
          ]
        }
      ]
    },
    {
      "mode": "managed",
      "type": "azurerm_linux_function_app",
      "name": "feedme_dev",
      "provider": "provider[\"registry.terraform.io/hashicorp/azurerm\"]",
      "instances": [
        {
          "schema_version": 0,
          "attributes": {
            "app_settings": {},
            "auth_settings": [
              {
                "active_directory": [],
                "additional_login_parameters": {},
                "allowed_external_redirect_urls": [],
                "default_provider": "",
                "enabled": false,
                "facebook": [],
                "github": [],
                "google": [],
                "issuer": "",
                "microsoft": [],
                "runtime_version": "",
                "token_refresh_extension_hours": 0,
                "token_store_enabled": false,
                "twitter": [],
                "unauthenticated_client_action": ""
              }
            ],
            "backup": [],
            "builtin_logging_enabled": true,
            "client_certificate_enabled": false,
            "client_certificate_exclusion_paths": "",
            "client_certificate_mode": "Optional",
            "connection_string": [],
            "content_share_force_disabled": false,
            "custom_domain_verification_id": "D9A46712E28141CA28BABDFBE9915CC71B978FCF744CB1B152B9703C71C0A94F",
            "daily_memory_time_quota": 0,
            "default_hostname": "feedme-function-app-dev.azurewebsites.net",
            "enabled": true,
            "functions_extension_version": "~4",
            "https_only": false,
            "id": "/subscriptions/8dd32ae3-f5ae-4507-baad-5317dd0f6499/resourceGroups/feedme-dev/providers/Microsoft.Web/sites/feedme-function-app-dev",
            "identity": [],
            "key_vault_reference_identity_id": "SystemAssigned",
            "kind": "functionapp,linux",
            "location": "uksouth",
            "name": "feedme-function-app-dev",
            "outbound_ip_address_list": [
              "20.49.160.73",
              "20.49.161.56",
              "20.49.161.75",
              "20.49.161.128",
              "20.49.161.216",
              "20.49.162.236",
              "51.104.28.66"
            ],
            "outbound_ip_addresses": "20.49.160.73,20.49.161.56,20.49.161.75,20.49.161.128,20.49.161.216,20.49.162.236,51.104.28.66",
            "possible_outbound_ip_address_list": [
              "20.49.160.73",
              "20.49.161.56",
              "20.49.161.75",
              "20.49.161.128",
              "20.49.161.216",
              "20.49.162.236",
              "20.49.164.114",
              "20.49.165.92",
              "20.49.165.131",
              "20.49.165.178",
              "20.49.166.89",
              "20.49.166.107",
              "20.49.166.133",
              "20.49.166.159",
              "20.49.166.176",
              "20.49.166.186",
              "20.49.166.199",
              "20.49.167.17",
              "20.49.228.168",
              "20.49.228.201",
              "20.49.229.3",
              "20.49.229.117",
              "20.49.229.184",
              "20.49.230.74",
              "51.104.28.66"
            ],
            "possible_outbound_ip_addresses": "20.49.160.73,20.49.161.56,20.49.161.75,20.49.161.128,20.49.161.216,20.49.162.236,20.49.164.114,20.49.165.92,20.49.165.131,20.49.165.178,20.49.166.89,20.49.166.107,20.49.166.133,20.49.166.159,20.49.166.176,20.49.166.186,20.49.166.199,20.49.167.17,20.49.228.168,20.49.228.201,20.49.229.3,20.49.229.117,20.49.229.184,20.49.230.74,51.104.28.66",
            "resource_group_name": "feedme-dev",
            "service_plan_id": "/subscriptions/8dd32ae3-f5ae-4507-baad-5317dd0f6499/resourceGroups/feedme-dev/providers/Microsoft.Web/serverfarms/feedme-app-service-plan-dev",
            "site_config": [
              {
                "always_on": false,
                "api_definition_url": "",
                "api_management_api_id": "",
                "app_command_line": "",
                "app_scale_limit": 200,
                "app_service_logs": [],
                "application_insights_connection_string": "",
                "application_insights_key": "",
                "application_stack": [
                  {
                    "docker": [],
                    "dotnet_version": "",
                    "java_version": "17",
                    "node_version": "",
                    "powershell_core_version": "",
                    "python_version": "",
                    "use_custom_runtime": false,
                    "use_dotnet_isolated_runtime": false
                  }
                ],
                "container_registry_managed_identity_client_id": "",
                "container_registry_use_managed_identity": false,
                "cors": [],
                "default_documents": [
                  "Default.htm",
                  "Default.html",
                  "Default.asp",
                  "index.htm",
                  "index.html",
                  "iisstart.htm",
                  "default.aspx",
                  "index.php"
                ],
                "detailed_error_logging_enabled": false,
                "elastic_instance_minimum": 0,
                "ftps_state": "Disabled",
                "health_check_eviction_time_in_min": 0,
                "health_check_path": "",
                "http2_enabled": false,
                "ip_restriction": [],
                "linux_fx_version": "JAVA|17",
                "load_balancing_mode": "LeastRequests",
                "managed_pipeline_mode": "Integrated",
                "minimum_tls_version": "1.2",
                "pre_warmed_instance_count": 0,
                "remote_debugging_enabled": false,
                "remote_debugging_version": "VS2019",
                "runtime_scale_monitoring_enabled": false,
                "scm_ip_restriction": [],
                "scm_minimum_tls_version": "1.2",
                "scm_type": "None",
                "scm_use_main_ip_restriction": false,
                "use_32_bit_worker": false,
                "vnet_route_all_enabled": false,
                "websockets_enabled": false,
                "worker_count": 1
              }
            ],
            "site_credential": [
              {
                "name": "$feedme-function-app-dev",
                "password": "N5kZrtznW9uoTi8CgBwjF71jlF7eSklvdwn31pcTJgEA79C8SxaTLtFHu9KR"
              }
            ],
            "sticky_settings": [],
            "storage_account": [],
            "storage_account_access_key": "a//7UtSPW1jFKuur7QLvfAWVDLRYvAuCEe5hZrmFBn2FXdQkxZc+2GWC91ZqTPLNbx1micw3EDUn+AStSo6xLw==",
            "storage_account_name": "feedmesadev",
            "storage_key_vault_secret_id": "",
            "storage_uses_managed_identity": false,
            "tags": {
              "environment": "dev"
            },
            "timeouts": null,
            "virtual_network_subnet_id": ""
          },
          "sensitive_attributes": [
            [
              {
                "type": "get_attr",
                "value": "storage_account_access_key"
              }
            ]
          ],
          "private": "eyJlMmJmYjczMC1lY2FhLTExZTYtOGY4OC0zNDM2M2JjN2M0YzAiOnsiY3JlYXRlIjoxODAwMDAwMDAwMDAwLCJkZWxldGUiOjE4MDAwMDAwMDAwMDAsInJlYWQiOjMwMDAwMDAwMDAwMCwidXBkYXRlIjoxODAwMDAwMDAwMDAwfX0=",
          "dependencies": [
            "azurerm_resource_group.feedme_dev",
            "azurerm_service_plan.feedme_dev",
            "azurerm_storage_account.feedme_dev"
          ]
        }
      ]
    },
    {
      "mode": "managed",
      "type": "azurerm_resource_group",
      "name": "feedme_dev",
      "provider": "provider[\"registry.terraform.io/hashicorp/azurerm\"]",
      "instances": [
        {
          "schema_version": 0,
          "attributes": {
            "id": "/subscriptions/8dd32ae3-f5ae-4507-baad-5317dd0f6499/resourceGroups/feedme-dev",
            "location": "uksouth",
            "name": "feedme-dev",
            "tags": {
              "environment": "dev"
            },
            "timeouts": null
          },
          "sensitive_attributes": [],
          "private": "eyJlMmJmYjczMC1lY2FhLTExZTYtOGY4OC0zNDM2M2JjN2M0YzAiOnsiY3JlYXRlIjo1NDAwMDAwMDAwMDAwLCJkZWxldGUiOjU0MDAwMDAwMDAwMDAsInJlYWQiOjMwMDAwMDAwMDAwMCwidXBkYXRlIjo1NDAwMDAwMDAwMDAwfX0="
        }
      ]
    },
    {
      "mode": "managed",
      "type": "azurerm_service_plan",
      "name": "feedme_dev",
      "provider": "provider[\"registry.terraform.io/hashicorp/azurerm\"]",
      "instances": [
        {
          "schema_version": 0,
          "attributes": {
            "app_service_environment_id": "",
            "id": "/subscriptions/8dd32ae3-f5ae-4507-baad-5317dd0f6499/resourceGroups/feedme-dev/providers/Microsoft.Web/serverfarms/feedme-app-service-plan-dev",
            "kind": "functionapp",
            "location": "uksouth",
            "maximum_elastic_worker_count": 1,
            "name": "feedme-app-service-plan-dev",
            "os_type": "Linux",
            "per_site_scaling_enabled": false,
            "reserved": true,
            "resource_group_name": "feedme-dev",
            "sku_name": "Y1",
            "tags": {
              "environment": "dev"
            },
            "timeouts": null,
            "worker_count": 0,
            "zone_balancing_enabled": false
          },
          "sensitive_attributes": [],
          "private": "eyJlMmJmYjczMC1lY2FhLTExZTYtOGY4OC0zNDM2M2JjN2M0YzAiOnsiY3JlYXRlIjozNjAwMDAwMDAwMDAwLCJkZWxldGUiOjM2MDAwMDAwMDAwMDAsInJlYWQiOjMwMDAwMDAwMDAwMCwidXBkYXRlIjozNjAwMDAwMDAwMDAwfX0=",
          "dependencies": [
            "azurerm_resource_group.feedme_dev"
          ]
        }
      ]
    },
    {
      "mode": "managed",
      "type": "azurerm_storage_account",
      "name": "feedme_dev",
      "provider": "provider[\"registry.terraform.io/hashicorp/azurerm\"]",
      "instances": [
        {
          "schema_version": 3,
          "attributes": {
            "access_tier": "Hot",
            "account_kind": "StorageV2",
            "account_replication_type": "LRS",
            "account_tier": "Standard",
            "allow_nested_items_to_be_public": true,
            "allowed_copy_scope": "",
            "azure_files_authentication": [],
            "blob_properties": [
              {
                "change_feed_enabled": false,
                "change_feed_retention_in_days": 0,
                "container_delete_retention_policy": [],
                "cors_rule": [],
                "default_service_version": "",
                "delete_retention_policy": [],
                "last_access_time_enabled": false,
                "restore_policy": [],
                "versioning_enabled": false
              }
            ],
            "cross_tenant_replication_enabled": true,
            "custom_domain": [],
            "customer_managed_key": [],
            "default_to_oauth_authentication": false,
            "edge_zone": "",
            "enable_https_traffic_only": true,
            "id": "/subscriptions/8dd32ae3-f5ae-4507-baad-5317dd0f6499/resourceGroups/feedme-dev/providers/Microsoft.Storage/storageAccounts/feedmesadev",
            "identity": [],
            "immutability_policy": [],
            "infrastructure_encryption_enabled": false,
            "is_hns_enabled": false,
            "large_file_share_enabled": null,
            "location": "uksouth",
            "min_tls_version": "TLS1_2",
            "name": "feedmesadev",
            "network_rules": [
              {
                "bypass": [
                  "AzureServices"
                ],
                "default_action": "Allow",
                "ip_rules": [],
                "private_link_access": [],
                "virtual_network_subnet_ids": []
              }
            ],
            "nfsv3_enabled": false,
            "primary_access_key": "a//7UtSPW1jFKuur7QLvfAWVDLRYvAuCEe5hZrmFBn2FXdQkxZc+2GWC91ZqTPLNbx1micw3EDUn+AStSo6xLw==",
            "primary_blob_connection_string": "DefaultEndpointsProtocol=https;BlobEndpoint=https://feedmesadev.blob.core.windows.net/;AccountName=feedmesadev;AccountKey=a//7UtSPW1jFKuur7QLvfAWVDLRYvAuCEe5hZrmFBn2FXdQkxZc+2GWC91ZqTPLNbx1micw3EDUn+AStSo6xLw==",
            "primary_blob_endpoint": "https://feedmesadev.blob.core.windows.net/",
            "primary_blob_host": "feedmesadev.blob.core.windows.net",
            "primary_connection_string": "DefaultEndpointsProtocol=https;AccountName=feedmesadev;AccountKey=a//7UtSPW1jFKuur7QLvfAWVDLRYvAuCEe5hZrmFBn2FXdQkxZc+2GWC91ZqTPLNbx1micw3EDUn+AStSo6xLw==;EndpointSuffix=core.windows.net",
            "primary_dfs_endpoint": "https://feedmesadev.dfs.core.windows.net/",
            "primary_dfs_host": "feedmesadev.dfs.core.windows.net",
            "primary_file_endpoint": "https://feedmesadev.file.core.windows.net/",
            "primary_file_host": "feedmesadev.file.core.windows.net",
            "primary_location": "uksouth",
            "primary_queue_endpoint": "https://feedmesadev.queue.core.windows.net/",
            "primary_queue_host": "feedmesadev.queue.core.windows.net",
            "primary_table_endpoint": "https://feedmesadev.table.core.windows.net/",
            "primary_table_host": "feedmesadev.table.core.windows.net",
            "primary_web_endpoint": "https://feedmesadev.z33.web.core.windows.net/",
            "primary_web_host": "feedmesadev.z33.web.core.windows.net",
            "public_network_access_enabled": true,
            "queue_encryption_key_type": "Service",
            "queue_properties": [
              {
                "cors_rule": [],
                "hour_metrics": [
                  {
                    "enabled": true,
                    "include_apis": true,
                    "retention_policy_days": 7,
                    "version": "1.0"
                  }
                ],
                "logging": [
                  {
                    "delete": false,
                    "read": false,
                    "retention_policy_days": 0,
                    "version": "1.0",
                    "write": false
                  }
                ],
                "minute_metrics": [
                  {
                    "enabled": false,
                    "include_apis": false,
                    "retention_policy_days": 0,
                    "version": "1.0"
                  }
                ]
              }
            ],
            "resource_group_name": "feedme-dev",
            "routing": [],
            "sas_policy": [],
            "secondary_access_key": "YbQ0/5h/sdSGqOot0ilpJ/xeWGdrjNgbNqQpQi0pJVDb8ZijxzpPGaj1KO15NGcpQeBD/FhQvdoT+ASt5a3koA==",
            "secondary_blob_connection_string": "",
            "secondary_blob_endpoint": null,
            "secondary_blob_host": null,
            "secondary_connection_string": "DefaultEndpointsProtocol=https;AccountName=feedmesadev;AccountKey=YbQ0/5h/sdSGqOot0ilpJ/xeWGdrjNgbNqQpQi0pJVDb8ZijxzpPGaj1KO15NGcpQeBD/FhQvdoT+ASt5a3koA==;EndpointSuffix=core.windows.net",
            "secondary_dfs_endpoint": null,
            "secondary_dfs_host": null,
            "secondary_file_endpoint": null,
            "secondary_file_host": null,
            "secondary_location": "",
            "secondary_queue_endpoint": null,
            "secondary_queue_host": null,
            "secondary_table_endpoint": null,
            "secondary_table_host": null,
            "secondary_web_endpoint": null,
            "secondary_web_host": null,
            "sftp_enabled": false,
            "share_properties": [
              {
                "cors_rule": [],
                "retention_policy": [
                  {
                    "days": 7
                  }
                ],
                "smb": []
              }
            ],
            "shared_access_key_enabled": true,
            "static_website": [],
            "table_encryption_key_type": "Service",
            "tags": {
              "environment": "dev"
            },
            "timeouts": null
          },
          "sensitive_attributes": [],
          "private": "eyJlMmJmYjczMC1lY2FhLTExZTYtOGY4OC0zNDM2M2JjN2M0YzAiOnsiY3JlYXRlIjozNjAwMDAwMDAwMDAwLCJkZWxldGUiOjM2MDAwMDAwMDAwMDAsInJlYWQiOjMwMDAwMDAwMDAwMCwidXBkYXRlIjozNjAwMDAwMDAwMDAwfSwic2NoZW1hX3ZlcnNpb24iOiIzIn0=",
          "dependencies": [
            "azurerm_resource_group.feedme_dev"
          ]
        }
      ]
    },
    {
      "mode": "managed",
      "type": "azurerm_storage_container",
      "name": "feedme_subscriber_list_dev",
      "provider": "provider[\"registry.terraform.io/hashicorp/azurerm\"]",
      "instances": [
        {
          "schema_version": 1,
          "attributes": {
            "container_access_type": "private",
            "has_immutability_policy": false,
            "has_legal_hold": false,
            "id": "https://feedmesadev.blob.core.windows.net/content",
            "metadata": {},
            "name": "content",
            "resource_manager_id": "/subscriptions/8dd32ae3-f5ae-4507-baad-5317dd0f6499/resourceGroups/feedme-dev/providers/Microsoft.Storage/storageAccounts/feedmesadev/blobServices/default/containers/content",
            "storage_account_name": "feedmesadev",
            "timeouts": null
          },
          "sensitive_attributes": [],
          "private": "eyJlMmJmYjczMC1lY2FhLTExZTYtOGY4OC0zNDM2M2JjN2M0YzAiOnsiY3JlYXRlIjoxODAwMDAwMDAwMDAwLCJkZWxldGUiOjE4MDAwMDAwMDAwMDAsInJlYWQiOjMwMDAwMDAwMDAwMCwidXBkYXRlIjoxODAwMDAwMDAwMDAwfSwic2NoZW1hX3ZlcnNpb24iOiIxIn0=",
          "dependencies": [
            "azurerm_storage_account.feedme_dev"
          ]
        }
      ]
    }
  ],
  "check_results": null
}
